// !$*UTF8*$!
{
	archiveVersion = 1;
	classes = {
	};
	objectVersion = 77;
	objects = {

/* Begin PBXBuildFile section */
		63C871942E49462B0007E251 /* Secrets.xcconfig in Resources */ = {isa = PBXBuildFile; fileRef = 63C871932E49462B0007E251 /* Secrets.xcconfig */; };
/* End PBXBuildFile section */

/* Begin PBXContainerItemProxy section */
		63C31E062E4112DA003CBA09 /* PBXContainerItemProxy */ = {
			isa = PBXContainerItemProxy;
			containerPortal = 63C31DED2E4112D1003CBA09 /* Project object */;
			proxyType = 1;
			remoteGlobalIDString = 63C31DF42E4112D1003CBA09;
			remoteInfo = wetterOnline_demoApp;
		};
		63C31E102E4112DA003CBA09 /* PBXContainerItemProxy */ = {
			isa = PBXContainerItemProxy;
			containerPortal = 63C31DED2E4112D1003CBA09 /* Project object */;
			proxyType = 1;
			remoteGlobalIDString = 63C31DF42E4112D1003CBA09;
			remoteInfo = wetterOnline_demoApp;
		};
/* End PBXContainerItemProxy section */

/* Begin PBXFileReference section */
		63C31DF52E4112D1003CBA09 /* wetterOnline_demoApp.app */ = {isa = PBXFileReference; explicitFileType = wrapper.application; includeInIndex = 0; path = wetterOnline_demoApp.app; sourceTree = BUILT_PRODUCTS_DIR; };
		63C31E052E4112DA003CBA09 /* wetterOnline_demoAppTests.xctest */ = {isa = PBXFileReference; explicitFileType = wrapper.cfbundle; includeInIndex = 0; path = wetterOnline_demoAppTests.xctest; sourceTree = BUILT_PRODUCTS_DIR; };
		63C31E0F2E4112DA003CBA09 /* wetterOnline_demoAppUITests.xctest */ = {isa = PBXFileReference; explicitFileType = wrapper.cfbundle; includeInIndex = 0; path = wetterOnline_demoAppUITests.xctest; sourceTree = BUILT_PRODUCTS_DIR; };
		63C871932E49462B0007E251 /* Secrets.xcconfig */ = {isa = PBXFileReference; lastKnownFileType = text.xcconfig; path = Secrets.xcconfig; sourceTree = "<group>"; };
/* End PBXFileReference section */

/* Begin PBXFileSystemSynchronizedRootGroup section */
		63C31DF72E4112D1003CBA09 /* wetterOnline_demoApp */ = {
			isa = PBXFileSystemSynchronizedRootGroup;
			path = wetterOnline_demoApp;
			sourceTree = "<group>";
		};
		63C31E082E4112DA003CBA09 /* wetterOnline_demoAppTests */ = {
			isa = PBXFileSystemSynchronizedRootGroup;
			path = wetterOnline_demoAppTests;
			sourceTree = "<group>";
		};
		63C31E122E4112DA003CBA09 /* wetterOnline_demoAppUITests */ = {
			isa = PBXFileSystemSynchronizedRootGroup;
			path = wetterOnline_demoAppUITests;
			sourceTree = "<group>";
		};
/* End PBXFileSystemSynchronizedRootGroup section */

/* Begin PBXFrameworksBuildPhase section */
		63C31DF22E4112D1003CBA09 /* Frameworks */ = {
			isa = PBXFrameworksBuildPhase;
			buildActionMask = 2147483647;
			files = (
			);
			runOnlyForDeploymentPostprocessing = 0;
		};
		63C31E022E4112DA003CBA09 /* Frameworks */ = {
			isa = PBXFrameworksBuildPhase;
			buildActionMask = 2147483647;
			files = (
			);
			runOnlyForDeploymentPostprocessing = 0;
		};
		63C31E0C2E4112DA003CBA09 /* Frameworks */ = {
			isa = PBXFrameworksBuildPhase;
			buildActionMask = 2147483647;
			files = (
			);
			runOnlyForDeploymentPostprocessing = 0;
		};
/* End PBXFrameworksBuildPhase section */

/* Begin PBXGroup section */
		63C31DEC2E4112D1003CBA09 = {
			isa = PBXGroup;
			children = (
				63C871932E49462B0007E251 /* Secrets.xcconfig */,
				63C31DF72E4112D1003CBA09 /* wetterOnline_demoApp */,
				63C31E082E4112DA003CBA09 /* wetterOnline_demoAppTests */,
				63C31E122E4112DA003CBA09 /* wetterOnline_demoAppUITests */,
				63C31DF62E4112D1003CBA09 /* Products */,
			);
			sourceTree = "<group>";
		};
		63C31DF62E4112D1003CBA09 /* Products */ = {
			isa = PBXGroup;
			children = (
				63C31DF52E4112D1003CBA09 /* wetterOnline_demoApp.app */,
				63C31E052E4112DA003CBA09 /* wetterOnline_demoAppTests.xctest */,
				63C31E0F2E4112DA003CBA09 /* wetterOnline_demoAppUITests.xctest */,
			);
			name = Products;
			sourceTree = "<group>";
		};
/* End PBXGroup section */

/* Begin PBXNativeTarget section */
		63C31DF42E4112D1003CBA09 /* wetterOnline_demoApp */ = {
			isa = PBXNativeTarget;
			buildConfigurationList = 63C31E192E4112DA003CBA09 /* Build configuration list for PBXNativeTarget "wetterOnline_demoApp" */;
			buildPhases = (
				63C31DF12E4112D1003CBA09 /* Sources */,
				63C31DF22E4112D1003CBA09 /* Frameworks */,
				63C31DF32E4112D1003CBA09 /* Resources */,
			);
			buildRules = (
			);
			dependencies = (
			);
			fileSystemSynchronizedGroups = (
				63C31DF72E4112D1003CBA09 /* wetterOnline_demoApp */,
			);
			name = wetterOnline_demoApp;
			packageProductDependencies = (
			);
			productName = wetterOnline_demoApp;
			productReference = 63C31DF52E4112D1003CBA09 /* wetterOnline_demoApp.app */;
			productType = "com.apple.product-type.application";
		};
		63C31E042E4112DA003CBA09 /* wetterOnline_demoAppTests */ = {
			isa = PBXNativeTarget;
			buildConfigurationList = 63C31E1C2E4112DA003CBA09 /* Build configuration list for PBXNativeTarget "wetterOnline_demoAppTests" */;
			buildPhases = (
				63C31E012E4112DA003CBA09 /* Sources */,
				63C31E022E4112DA003CBA09 /* Frameworks */,
				63C31E032E4112DA003CBA09 /* Resources */,
			);
			buildRules = (
			);
			dependencies = (
				63C31E072E4112DA003CBA09 /* PBXTargetDependency */,
			);
			fileSystemSynchronizedGroups = (
				63C31E082E4112DA003CBA09 /* wetterOnline_demoAppTests */,
			);
			name = wetterOnline_demoAppTests;
			packageProductDependencies = (
			);
			productName = wetterOnline_demoAppTests;
			productReference = 63C31E052E4112DA003CBA09 /* wetterOnline_demoAppTests.xctest */;
			productType = "com.apple.product-type.bundle.unit-test";
		};
		63C31E0E2E4112DA003CBA09 /* wetterOnline_demoAppUITests */ = {
			isa = PBXNativeTarget;
			buildConfigurationList = 63C31E1F2E4112DA003CBA09 /* Build configuration list for PBXNativeTarget "wetterOnline_demoAppUITests" */;
			buildPhases = (
				63C31E0B2E4112DA003CBA09 /* Sources */,
				63C31E0C2E4112DA003CBA09 /* Frameworks */,
				63C31E0D2E4112DA003CBA09 /* Resources */,
			);
			buildRules = (
			);
			dependencies = (
				63C31E112E4112DA003CBA09 /* PBXTargetDependency */,
			);
			fileSystemSynchronizedGroups = (
				63C31E122E4112DA003CBA09 /* wetterOnline_demoAppUITests */,
			);
			name = wetterOnline_demoAppUITests;
			packageProductDependencies = (
			);
			productName = wetterOnline_demoAppUITests;
			productReference = 63C31E0F2E4112DA003CBA09 /* wetterOnline_demoAppUITests.xctest */;
			productType = "com.apple.product-type.bundle.ui-testing";
		};
/* End PBXNativeTarget section */

/* Begin PBXProject section */
		63C31DED2E4112D1003CBA09 /* Project object */ = {
			isa = PBXProject;
			attributes = {
				BuildIndependentTargetsInParallel = 1;
				LastSwiftUpdateCheck = 1600;
				LastUpgradeCheck = 1600;
				TargetAttributes = {
					63C31DF42E4112D1003CBA09 = {
						CreatedOnToolsVersion = 16.0;
					};
					63C31E042E4112DA003CBA09 = {
						CreatedOnToolsVersion = 16.0;
						TestTargetID = 63C31DF42E4112D1003CBA09;
					};
					63C31E0E2E4112DA003CBA09 = {
						CreatedOnToolsVersion = 16.0;
						TestTargetID = 63C31DF42E4112D1003CBA09;
					};
				};
			};
			buildConfigurationList = 63C31DF02E4112D1003CBA09 /* Build configuration list for PBXProject "wetterOnline_demoApp" */;
			developmentRegion = en;
			hasScannedForEncodings = 0;
			knownRegions = (
				en,
				Base,
			);
			mainGroup = 63C31DEC2E4112D1003CBA09;
			minimizedProjectReferenceProxies = 1;
			preferredProjectObjectVersion = 77;
			productRefGroup = 63C31DF62E4112D1003CBA09 /* Products */;
			projectDirPath = "";
			projectRoot = "";
			targets = (
				63C31DF42E4112D1003CBA09 /* wetterOnline_demoApp */,
				63C31E042E4112DA003CBA09 /* wetterOnline_demoAppTests */,
				63C31E0E2E4112DA003CBA09 /* wetterOnline_demoAppUITests */,
			);
		};
/* End PBXProject section */

/* Begin PBXResourcesBuildPhase section */
		63C31DF32E4112D1003CBA09 /* Resources */ = {
			isa = PBXResourcesBuildPhase;
			buildActionMask = 2147483647;
			files = (
				63C871942E49462B0007E251 /* Secrets.xcconfig in Resources */,
			);
			runOnlyForDeploymentPostprocessing = 0;
		};
		63C31E032E4112DA003CBA09 /* Resources */ = {
			isa = PBXResourcesBuildPhase;
			buildActionMask = 2147483647;
			files = (
			);
			runOnlyForDeploymentPostprocessing = 0;
		};
		63C31E0D2E4112DA003CBA09 /* Resources */ = {
			isa = PBXResourcesBuildPhase;
			buildActionMask = 2147483647;
			files = (
			);
			runOnlyForDeploymentPostprocessing = 0;
		};
/* End PBXResourcesBuildPhase section */

/* Begin PBXSourcesBuildPhase section */
		63C31DF12E4112D1003CBA09 /* Sources */ = {
			isa = PBXSourcesBuildPhase;
			buildActionMask = 2147483647;
			files = (
			);
			runOnlyForDeploymentPostprocessing = 0;
		};
		63C31E012E4112DA003CBA09 /* Sources */ = {
			isa = PBXSourcesBuildPhase;
			buildActionMask = 2147483647;
			files = (
			);
			runOnlyForDeploymentPostprocessing = 0;
		};
		63C31E0B2E4112DA003CBA09 /* Sources */ = {
			isa = PBXSourcesBuildPhase;
			buildActionMask = 2147483647;
			files = (
			);
			runOnlyForDeploymentPostprocessing = 0;
		};
/* End PBXSourcesBuildPhase section */

/* Begin PBXTargetDependency section */
		63C31E072E4112DA003CBA09 /* PBXTargetDependency */ = {
			isa = PBXTargetDependency;
			target = 63C31DF42E4112D1003CBA09 /* wetterOnline_demoApp */;
			targetProxy = 63C31E062E4112DA003CBA09 /* PBXContainerItemProxy */;
		};
		63C31E112E4112DA003CBA09 /* PBXTargetDependency */ = {
			isa = PBXTargetDependency;
			target = 63C31DF42E4112D1003CBA09 /* wetterOnline_demoApp */;
			targetProxy = 63C31E102E4112DA003CBA09 /* PBXContainerItemProxy */;
		};
/* End PBXTargetDependency section */

/* Begin XCBuildConfiguration section */
		63C31E172E4112DA003CBA09 /* Debug */ = {
			isa = XCBuildConfiguration;
			buildSettings = {
				ALWAYS_SEARCH_USER_PATHS = NO;
				ASSETCATALOG_COMPILER_GENERATE_SWIFT_ASSET_SYMBOL_EXTENSIONS = YES;
				CLANG_ANALYZER_NONNULL = YES;
				CLANG_ANALYZER_NUMBER_OBJECT_CONVERSION = YES_AGGRESSIVE;
				CLANG_CXX_LANGUAGE_STANDARD = "gnu++20";
				CLANG_ENABLE_MODULES = YES;
				CLANG_ENABLE_OBJC_ARC = YES;
				CLANG_ENABLE_OBJC_WEAK = YES;
				CLANG_WARN_BLOCK_CAPTURE_AUTORELEASING = YES;
				CLANG_WARN_BOOL_CONVERSION = YES;
				CLANG_WARN_COMMA = YES;
				CLANG_WARN_CONSTANT_CONVERSION = YES;
				CLANG_WARN_DEPRECATED_OBJC_IMPLEMENTATIONS = YES;
				CLANG_WARN_DIRECT_OBJC_ISA_USAGE = YES_ERROR;
				CLANG_WARN_DOCUMENTATION_COMMENTS = YES;
				CLANG_WARN_EMPTY_BODY = YES;
				CLANG_WARN_ENUM_CONVERSION = YES;
				CLANG_WARN_INFINITE_RECURSION = YES;
				CLANG_WARN_INT_CONVERSION = YES;
				CLANG_WARN_NON_LITERAL_NULL_CONVERSION = YES;
				CLANG_WARN_OBJC_IMPLICIT_RETAIN_SELF = YES;
				CLANG_WARN_OBJC_LITERAL_CONVERSION = YES;
				CLANG_WARN_OBJC_ROOT_CLASS = YES_ERROR;
				CLANG_WARN_QUOTED_INCLUDE_IN_FRAMEWORK_HEADER = YES;
				CLANG_WARN_RANGE_LOOP_ANALYSIS = YES;
				CLANG_WARN_STRICT_PROTOTYPES = YES;
				CLANG_WARN_SUSPICIOUS_MOVE = YES;
				CLANG_WARN_UNGUARDED_AVAILABILITY = YES_AGGRESSIVE;
				CLANG_WARN_UNREACHABLE_CODE = YES;
				CLANG_WARN__DUPLICATE_METHOD_MATCH = YES;
				COPY_PHASE_STRIP = NO;
				DEBUG_INFORMATION_FORMAT = dwarf;
				ENABLE_STRICT_OBJC_MSGSEND = YES;
				ENABLE_TESTABILITY = YES;
				ENABLE_USER_SCRIPT_SANDBOXING = YES;
				GCC_C_LANGUAGE_STANDARD = gnu17;
				GCC_DYNAMIC_NO_PIC = NO;
				GCC_NO_COMMON_BLOCKS = YES;
				GCC_OPTIMIZATION_LEVEL = 0;
				GCC_PREPROCESSOR_DEFINITIONS = (
					"DEBUG=1",
					"$(inherited)",
				);
				GCC_WARN_64_TO_32_BIT_CONVERSION = YES;
				GCC_WARN_ABOUT_RETURN_TYPE = YES_ERROR;
				GCC_WARN_UNDECLARED_SELECTOR = YES;
				GCC_WARN_UNINITIALIZED_AUTOS = YES_AGGRESSIVE;
				GCC_WARN_UNUSED_FUNCTION = YES;
				GCC_WARN_UNUSED_VARIABLE = YES;
				IPHONEOS_DEPLOYMENT_TARGET = 18.0;
				LOCALIZATION_PREFERS_STRING_CATALOGS = YES;
				MTL_ENABLE_DEBUG_INFO = INCLUDE_SOURCE;
				MTL_FAST_MATH = YES;
				ONLY_ACTIVE_ARCH = YES;
				SDKROOT = iphoneos;
				SWIFT_ACTIVE_COMPILATION_CONDITIONS = "DEBUG $(inherited)";
				SWIFT_OPTIMIZATION_LEVEL = "-Onone";
			};
			name = Debug;
		};
		63C31E182E4112DA003CBA09 /* Release */ = {
			isa = XCBuildConfiguration;
			buildSettings = {
				ALWAYS_SEARCH_USER_PATHS = NO;
				ASSETCATALOG_COMPILER_GENERATE_SWIFT_ASSET_SYMBOL_EXTENSIONS = YES;
				CLANG_ANALYZER_NONNULL = YES;
				CLANG_ANALYZER_NUMBER_OBJECT_CONVERSION = YES_AGGRESSIVE;
				CLANG_CXX_LANGUAGE_STANDARD = "gnu++20";
				CLANG_ENABLE_MODULES = YES;
				CLANG_ENABLE_OBJC_ARC = YES;
				CLANG_ENABLE_OBJC_WEAK = YES;
				CLANG_WARN_BLOCK_CAPTURE_AUTORELEASING = YES;
				CLANG_WARN_BOOL_CONVERSION = YES;
				CLANG_WARN_COMMA = YES;
				CLANG_WARN_CONSTANT_CONVERSION = YES;
				CLANG_WARN_DEPRECATED_OBJC_IMPLEMENTATIONS = YES;
				CLANG_WARN_DIRECT_OBJC_ISA_USAGE = YES_ERROR;
				CLANG_WARN_DOCUMENTATION_COMMENTS = YES;
				CLANG_WARN_EMPTY_BODY = YES;
				CLANG_WARN_ENUM_CONVERSION = YES;
				CLANG_WARN_INFINITE_RECURSION = YES;
				CLANG_WARN_INT_CONVERSION = YES;
				CLANG_WARN_NON_LITERAL_NULL_CONVERSION = YES;
				CLANG_WARN_OBJC_IMPLICIT_RETAIN_SELF = YES;
				CLANG_WARN_OBJC_LITERAL_CONVERSION = YES;
				CLANG_WARN_OBJC_ROOT_CLASS = YES_ERROR;
				CLANG_WARN_QUOTED_INCLUDE_IN_FRAMEWORK_HEADER = YES;
				CLANG_WARN_RANGE_LOOP_ANALYSIS = YES;
				CLANG_WARN_STRICT_PROTOTYPES = YES;
				CLANG_WARN_SUSPICIOUS_MOVE = YES;
				CLANG_WARN_UNGUARDED_AVAILABILITY = YES_AGGRESSIVE;
				CLANG_WARN_UNREACHABLE_CODE = YES;
				CLANG_WARN__DUPLICATE_METHOD_MATCH = YES;
				COPY_PHASE_STRIP = NO;
				DEBUG_INFORMATION_FORMAT = "dwarf-with-dsym";
				ENABLE_NS_ASSERTIONS = NO;
				ENABLE_STRICT_OBJC_MSGSEND = YES;
				ENABLE_USER_SCRIPT_SANDBOXING = YES;
				GCC_C_LANGUAGE_STANDARD = gnu17;
				GCC_NO_COMMON_BLOCKS = YES;
				GCC_WARN_64_TO_32_BIT_CONVERSION = YES;
				GCC_WARN_ABOUT_RETURN_TYPE = YES_ERROR;
				GCC_WARN_UNDECLARED_SELECTOR = YES;
				GCC_WARN_UNINITIALIZED_AUTOS = YES_AGGRESSIVE;
				GCC_WARN_UNUSED_FUNCTION = YES;
				GCC_WARN_UNUSED_VARIABLE = YES;
				IPHONEOS_DEPLOYMENT_TARGET = 18.0;
				LOCALIZATION_PREFERS_STRING_CATALOGS = YES;
				MTL_ENABLE_DEBUG_INFO = NO;
				MTL_FAST_MATH = YES;
				SDKROOT = iphoneos;
				SWIFT_COMPILATION_MODE = wholemodule;
				VALIDATE_PRODUCT = YES;
			};
			name = Release;
		};
		63C31E1A2E4112DA003CBA09 /* Debug */ = {
			isa = XCBuildConfiguration;
			baseConfigurationReference = 63C871932E49462B0007E251 /* Secrets.xcconfig */;
			buildSettings = {
				ASSETCATALOG_COMPILER_APPICON_NAME = AppIcon;
				ASSETCATALOG_COMPILER_GLOBAL_ACCENT_COLOR_NAME = AccentColor;
				CODE_SIGN_STYLE = Automatic;
				CURRENT_PROJECT_VERSION = 1;
				DEVELOPMENT_ASSET_PATHS = "\"wetterOnline_demoApp/Preview Content\"";
				DEVELOPMENT_TEAM = KA7MHV4G9T;
				ENABLE_PREVIEWS = YES;
				GENERATE_INFOPLIST_FILE = YES;
				INFOPLIST_FILE = "wetterOnline-demoApp-Info.plist";
				INFOPLIST_KEY_CFBundleDisplayName = WetterApp;
				INFOPLIST_KEY_UIApplicationSceneManifest_Generation = YES;
				INFOPLIST_KEY_UIApplicationSupportsIndirectInputEvents = YES;
				INFOPLIST_KEY_UILaunchScreen_Generation = YES;
				INFOPLIST_KEY_UISupportedInterfaceOrientations_iPad = "UIInterfaceOrientationPortrait UIInterfaceOrientationPortraitUpsideDown UIInterfaceOrientationLandscapeLeft UIInterfaceOrientationLandscapeRight";
				INFOPLIST_KEY_UISupportedInterfaceOrientations_iPhone = "UIInterfaceOrientationPortrait UIInterfaceOrientationLandscapeLeft UIInterfaceOrientationLandscapeRight";
				IPHONEOS_DEPLOYMENT_TARGET = 18.0;
				LD_RUNPATH_SEARCH_PATHS = (
					"$(inherited)",
					"@executable_path/Frameworks",
				);
				MARKETING_VERSION = 1.0;
				PRODUCT_BUNDLE_IDENTIFIER = "de.davidsteglich.wetterOnline-demoApp";
				PRODUCT_NAME = "$(TARGET_NAME)";
				SWIFT_EMIT_LOC_STRINGS = YES;
				SWIFT_VERSION = 5.0;
				TARGETED_DEVICE_FAMILY = "1,2";
			};
			name = Debug;
		};
		63C31E1B2E4112DA003CBA09 /* Release */ = {
			isa = XCBuildConfiguration;
			baseConfigurationReference = 63C871932E49462B0007E251 /* Secrets.xcconfig */;
			buildSettings = {
				ASSETCATALOG_COMPILER_APPICON_NAME = AppIcon;
				ASSETCATALOG_COMPILER_GLOBAL_ACCENT_COLOR_NAME = AccentColor;
				CODE_SIGN_STYLE = Automatic;
				CURRENT_PROJECT_VERSION = 1;
				DEVELOPMENT_ASSET_PATHS = "\"wetterOnline_demoApp/Preview Content\"";
				DEVELOPMENT_TEAM = KA7MHV4G9T;
				ENABLE_PREVIEWS = YES;
				GENERATE_INFOPLIST_FILE = YES;
				INFOPLIST_FILE = "wetterOnline-demoApp-Info.plist";
				INFOPLIST_KEY_CFBundleDisplayName = WetterApp;
				INFOPLIST_KEY_UIApplicationSceneManifest_Generation = YES;
				INFOPLIST_KEY_UIApplicationSupportsIndirectInputEvents = YES;
				INFOPLIST_KEY_UILaunchScreen_Generation = YES;
				INFOPLIST_KEY_UISupportedInterfaceOrientations_iPad = "UIInterfaceOrientationPortrait UIInterfaceOrientationPortraitUpsideDown UIInterfaceOrientationLandscapeLeft UIInterfaceOrientationLandscapeRight";
				INFOPLIST_KEY_UISupportedInterfaceOrientations_iPhone = "UIInterfaceOrientationPortrait UIInterfaceOrientationLandscapeLeft UIInterfaceOrientationLandscapeRight";
				IPHONEOS_DEPLOYMENT_TARGET = 18.0;
				LD_RUNPATH_SEARCH_PATHS = (
					"$(inherited)",
					"@executable_path/Frameworks",
				);
				MARKETING_VERSION = 1.0;
				PRODUCT_BUNDLE_IDENTIFIER = "de.davidsteglich.wetterOnline-demoApp";
				PRODUCT_NAME = "$(TARGET_NAME)";
				SWIFT_EMIT_LOC_STRINGS = YES;
				SWIFT_VERSION = 5.0;
				TARGETED_DEVICE_FAMILY = "1,2";
			};
			name = Release;
		};
		63C31E1D2E4112DA003CBA09 /* Debug */ = {
			isa = XCBuildConfiguration;
			buildSettings = {
				BUNDLE_LOADER = "$(TEST_HOST)";
				CODE_SIGN_STYLE = Automatic;
				CURRENT_PROJECT_VERSION = 1;
				DEVELOPMENT_TEAM = KA7MHV4G9T;
				GENERATE_INFOPLIST_FILE = YES;
				IPHONEOS_DEPLOYMENT_TARGET = 18.0;
				MARKETING_VERSION = 1.0;
				PRODUCT_BUNDLE_IDENTIFIER = "de.davidsteglich.wetterOnline-demoAppTests";
				PRODUCT_NAME = "$(TARGET_NAME)";
				SWIFT_EMIT_LOC_STRINGS = NO;
				SWIFT_VERSION = 5.0;
				TARGETED_DEVICE_FAMILY = "1,2";
				TEST_HOST = "$(BUILT_PRODUCTS_DIR)/wetterOnline_demoApp.app/$(BUNDLE_EXECUTABLE_FOLDER_PATH)/wetterOnline_demoApp";
			};
			name = Debug;
		};
		63C31E1E2E4112DA003CBA09 /* Release */ = {
			isa = XCBuildConfiguration;
			buildSettings = {
				BUNDLE_LOADER = "$(TEST_HOST)";
				CODE_SIGN_STYLE = Automatic;
				CURRENT_PROJECT_VERSION = 1;
				DEVELOPMENT_TEAM = KA7MHV4G9T;
				GENERATE_INFOPLIST_FILE = YES;
				IPHONEOS_DEPLOYMENT_TARGET = 18.0;
				MARKETING_VERSION = 1.0;
				PRODUCT_BUNDLE_IDENTIFIER = "de.davidsteglich.wetterOnline-demoAppTests";
				PRODUCT_NAME = "$(TARGET_NAME)";
				SWIFT_EMIT_LOC_STRINGS = NO;
				SWIFT_VERSION = 5.0;
				TARGETED_DEVICE_FAMILY = "1,2";
				TEST_HOST = "$(BUILT_PRODUCTS_DIR)/wetterOnline_demoApp.app/$(BUNDLE_EXECUTABLE_FOLDER_PATH)/wetterOnline_demoApp";
			};
			name = Release;
		};
		63C31E202E4112DA003CBA09 /* Debug */ = {
			isa = XCBuildConfiguration;
			buildSettings = {
				CODE_SIGN_STYLE = Automatic;
				CURRENT_PROJECT_VERSION = 1;
				DEVELOPMENT_TEAM = KA7MHV4G9T;
				GENERATE_INFOPLIST_FILE = YES;
				MARKETING_VERSION = 1.0;
				PRODUCT_BUNDLE_IDENTIFIER = "de.davidsteglich.wetterOnline-demoAppUITests";
				PRODUCT_NAME = "$(TARGET_NAME)";
				SWIFT_EMIT_LOC_STRINGS = NO;
				SWIFT_VERSION = 5.0;
				TARGETED_DEVICE_FAMILY = "1,2";
				TEST_TARGET_NAME = wetterOnline_demoApp;
			};
			name = Debug;
		};
		63C31E212E4112DA003CBA09 /* Release */ = {
			isa = XCBuildConfiguration;
			buildSettings = {
				CODE_SIGN_STYLE = Automatic;
				CURRENT_PROJECT_VERSION = 1;
				DEVELOPMENT_TEAM = KA7MHV4G9T;
				GENERATE_INFOPLIST_FILE = YES;
				MARKETING_VERSION = 1.0;
				PRODUCT_BUNDLE_IDENTIFIER = "de.davidsteglich.wetterOnline-demoAppUITests";
				PRODUCT_NAME = "$(TARGET_NAME)";
				SWIFT_EMIT_LOC_STRINGS = NO;
				SWIFT_VERSION = 5.0;
				TARGETED_DEVICE_FAMILY = "1,2";
				TEST_TARGET_NAME = wetterOnline_demoApp;
			};
			name = Release;
		};
/* End XCBuildConfiguration section */

/* Begin XCConfigurationList section */
		63C31DF02E4112D1003CBA09 /* Build configuration list for PBXProject "wetterOnline_demoApp" */ = {
			isa = XCConfigurationList;
			buildConfigurations = (
				63C31E172E4112DA003CBA09 /* Debug */,
				63C31E182E4112DA003CBA09 /* Release */,
			);
			defaultConfigurationIsVisible = 0;
			defaultConfigurationName = Release;
		};
		63C31E192E4112DA003CBA09 /* Build configuration list for PBXNativeTarget "wetterOnline_demoApp" */ = {
			isa = XCConfigurationList;
			buildConfigurations = (
				63C31E1A2E4112DA003CBA09 /* Debug */,
				63C31E1B2E4112DA003CBA09 /* Release */,
			);
			defaultConfigurationIsVisible = 0;
			defaultConfigurationName = Release;
		};
		63C31E1C2E4112DA003CBA09 /* Build configuration list for PBXNativeTarget "wetterOnline_demoAppTests" */ = {
			isa = XCConfigurationList;
			buildConfigurations = (
				63C31E1D2E4112DA003CBA09 /* Debug */,
				63C31E1E2E4112DA003CBA09 /* Release */,
			);
			defaultConfigurationIsVisible = 0;
			defaultConfigurationName = Release;
		};
		63C31E1F2E4112DA003CBA09 /* Build configuration list for PBXNativeTarget "wetterOnline_demoAppUITests" */ = {
			isa = XCConfigurationList;
			buildConfigurations = (
				63C31E202E4112DA003CBA09 /* Debug */,
				63C31E212E4112DA003CBA09 /* Release */,
			);
			defaultConfigurationIsVisible = 0;
			defaultConfigurationName = Release;
		};
/* End XCConfigurationList section */
	};
	rootObject = 63C31DED2E4112D1003CBA09 /* Project object */;
}
